
Microsoft Visual Studio Solution File, Format Version 12.00
Project("{2150E333-8FDC-42A3-9474-1A3956D46DE8}") = "SimpleStore-AdminService", "SimpleStore-AdminService", "{5DC6D12C-447F-414E-8528-3200FEF431E4}"
EndProject
Project("{2150E333-8FDC-42A3-9474-1A3956D46DE8}") = "SimpleStore-UserService", "SimpleStore-UserService", "{9F17564B-0BF4-4535-BFCC-4160BAC95B00}"
EndProject
Project("{2150E333-8FDC-42A3-9474-1A3956D46DE8}") = "SimpleStore-OrderService", "SimpleStore-OrderService", "{90C08A15-084B-49A1-BF6E-E40B488570C0}"
EndProject
Project("{2150E333-8FDC-42A3-9474-1A3956D46DE8}") = "SimpleStore-ProductService", "SimpleStore-ProductService", "{E3ECF719-7EAE-48A2-A1D4-4DA6ECE3742A}"
EndProject
Project("{FAE04EC0-301F-11D3-BF4B-00C04F79EFBC}") = "AdminService.Api", "AdminService\AdminService.Api\AdminService.Api.csproj", "{C14C58DA-0932-4EB1-AB21-020FDE46010F}"
EndProject
Project("{FAE04EC0-301F-11D3-BF4B-00C04F79EFBC}") = "AdminService.Application", "AdminService\AdminService.Application\AdminService.Application.csproj", "{A73A90F6-6CBA-490E-A7FD-058A0C1FB14F}"
EndProject
Project("{FAE04EC0-301F-11D3-BF4B-00C04F79EFBC}") = "AdminService.Domain", "AdminService\AdminService.Domain\AdminService.Domain.csproj", "{E8FE8468-6696-4B2D-8F30-3D6B36F71578}"
EndProject
Project("{FAE04EC0-301F-11D3-BF4B-00C04F79EFBC}") = "AdminService.Infrastructure", "AdminService\AdminService.Infrastructure\AdminService.Infrastructure.csproj", "{6FCD04E0-C170-401F-9753-FC58880D04F7}"
EndProject
Project("{FAE04EC0-301F-11D3-BF4B-00C04F79EFBC}") = "OrderService.Api", "OrderService\OrderService.Api\OrderService.Api.csproj", "{96509B1E-C131-4692-9F3B-90E6D97C93FD}"
EndProject
Project("{FAE04EC0-301F-11D3-BF4B-00C04F79EFBC}") = "OrderService.Application", "OrderService\OrderService.Application\OrderService.Application.csproj", "{3351D79B-7CE8-4130-AA59-7AF6F22715B7}"
EndProject
Project("{FAE04EC0-301F-11D3-BF4B-00C04F79EFBC}") = "OrderService.Domain", "OrderService\OrderService.Domain\OrderService.Domain.csproj", "{43CB175C-64D9-4B79-B7ED-0A3F25BC06A9}"
EndProject
Project("{FAE04EC0-301F-11D3-BF4B-00C04F79EFBC}") = "OrderService.Infrastructure", "OrderService\OrderService.Infrastructure\OrderService.Infrastructure.csproj", "{DA09EBCC-F596-4CE2-825D-884BD7D758A6}"
EndProject
Project("{FAE04EC0-301F-11D3-BF4B-00C04F79EFBC}") = "ProductService.Api", "ProductService\ProductService.Api\ProductService.Api.csproj", "{2F1C7F49-3C2B-4BFE-9A73-BFB0E5315639}"
EndProject
Project("{FAE04EC0-301F-11D3-BF4B-00C04F79EFBC}") = "ProductService.Application", "ProductService\ProductService.Application\ProductService.Application.csproj", "{42FB4B69-A6EE-44A2-82AE-BD20AFC63D22}"
EndProject
Project("{FAE04EC0-301F-11D3-BF4B-00C04F79EFBC}") = "ProductService.Domain", "ProductService\ProductService.Domain\ProductService.Domain.csproj", "{17DD8D9A-32CF-4865-952A-A58FD6DCD565}"
EndProject
Project("{FAE04EC0-301F-11D3-BF4B-00C04F79EFBC}") = "ProductService.Infrastructure", "ProductService\ProductService.Infrastructure\ProductService.Infrastructure.csproj", "{15005FB9-1C71-4629-8F5F-4DF09A43305D}"
EndProject
Project("{FAE04EC0-301F-11D3-BF4B-00C04F79EFBC}") = "UserService.Api", "UserService\UserService.Api\UserService.Api.csproj", "{F910C26F-77BC-48C5-922C-345ADF39B522}"
EndProject
Project("{FAE04EC0-301F-11D3-BF4B-00C04F79EFBC}") = "UserService.Application", "UserService\UserService.Application\UserService.Application.csproj", "{67F20C82-805F-4CA1-B33B-9B44FE35882E}"
EndProject
Project("{FAE04EC0-301F-11D3-BF4B-00C04F79EFBC}") = "UserService.Domain", "UserService\UserService.Domain\UserService.Domain.csproj", "{7A04AEB4-C106-4A95-9678-3B1D21A8DA80}"
EndProject
Project("{FAE04EC0-301F-11D3-BF4B-00C04F79EFBC}") = "UserService.Infrastructure", "UserService\UserService.Infrastructure\UserService.Infrastructure.csproj", "{879B2DBA-0018-4DEA-B928-A665B5508DFD}"
EndProject
Global
	GlobalSection(SolutionConfigurationPlatforms) = preSolution
		Debug|Any CPU = Debug|Any CPU
		Release|Any CPU = Release|Any CPU
	EndGlobalSection
	GlobalSection(ProjectConfigurationPlatforms) = postSolution
		{C14C58DA-0932-4EB1-AB21-020FDE46010F}.Debug|Any CPU.ActiveCfg = Debug|Any CPU
		{C14C58DA-0932-4EB1-AB21-020FDE46010F}.Debug|Any CPU.Build.0 = Debug|Any CPU
		{C14C58DA-0932-4EB1-AB21-020FDE46010F}.Release|Any CPU.ActiveCfg = Release|Any CPU
		{C14C58DA-0932-4EB1-AB21-020FDE46010F}.Release|Any CPU.Build.0 = Release|Any CPU
		{A73A90F6-6CBA-490E-A7FD-058A0C1FB14F}.Debug|Any CPU.ActiveCfg = Debug|Any CPU
		{A73A90F6-6CBA-490E-A7FD-058A0C1FB14F}.Debug|Any CPU.Build.0 = Debug|Any CPU
		{A73A90F6-6CBA-490E-A7FD-058A0C1FB14F}.Release|Any CPU.ActiveCfg = Release|Any CPU
		{A73A90F6-6CBA-490E-A7FD-058A0C1FB14F}.Release|Any CPU.Build.0 = Release|Any CPU
		{E8FE8468-6696-4B2D-8F30-3D6B36F71578}.Debug|Any CPU.ActiveCfg = Debug|Any CPU
		{E8FE8468-6696-4B2D-8F30-3D6B36F71578}.Debug|Any CPU.Build.0 = Debug|Any CPU
		{E8FE8468-6696-4B2D-8F30-3D6B36F71578}.Release|Any CPU.ActiveCfg = Release|Any CPU
		{E8FE8468-6696-4B2D-8F30-3D6B36F71578}.Release|Any CPU.Build.0 = Release|Any CPU
		{6FCD04E0-C170-401F-9753-FC58880D04F7}.Debug|Any CPU.ActiveCfg = Debug|Any CPU
		{6FCD04E0-C170-401F-9753-FC58880D04F7}.Debug|Any CPU.Build.0 = Debug|Any CPU
		{6FCD04E0-C170-401F-9753-FC58880D04F7}.Release|Any CPU.ActiveCfg = Release|Any CPU
		{6FCD04E0-C170-401F-9753-FC58880D04F7}.Release|Any CPU.Build.0 = Release|Any CPU
		{96509B1E-C131-4692-9F3B-90E6D97C93FD}.Debug|Any CPU.ActiveCfg = Debug|Any CPU
		{96509B1E-C131-4692-9F3B-90E6D97C93FD}.Debug|Any CPU.Build.0 = Debug|Any CPU
		{96509B1E-C131-4692-9F3B-90E6D97C93FD}.Release|Any CPU.ActiveCfg = Release|Any CPU
		{96509B1E-C131-4692-9F3B-90E6D97C93FD}.Release|Any CPU.Build.0 = Release|Any CPU
		{3351D79B-7CE8-4130-AA59-7AF6F22715B7}.Debug|Any CPU.ActiveCfg = Debug|Any CPU
		{3351D79B-7CE8-4130-AA59-7AF6F22715B7}.Debug|Any CPU.Build.0 = Debug|Any CPU
		{3351D79B-7CE8-4130-AA59-7AF6F22715B7}.Release|Any CPU.ActiveCfg = Release|Any CPU
		{3351D79B-7CE8-4130-AA59-7AF6F22715B7}.Release|Any CPU.Build.0 = Release|Any CPU
		{43CB175C-64D9-4B79-B7ED-0A3F25BC06A9}.Debug|Any CPU.ActiveCfg = Debug|Any CPU
		{43CB175C-64D9-4B79-B7ED-0A3F25BC06A9}.Debug|Any CPU.Build.0 = Debug|Any CPU
		{43CB175C-64D9-4B79-B7ED-0A3F25BC06A9}.Release|Any CPU.ActiveCfg = Release|Any CPU
		{43CB175C-64D9-4B79-B7ED-0A3F25BC06A9}.Release|Any CPU.Build.0 = Release|Any CPU
		{DA09EBCC-F596-4CE2-825D-884BD7D758A6}.Debug|Any CPU.ActiveCfg = Debug|Any CPU
		{DA09EBCC-F596-4CE2-825D-884BD7D758A6}.Debug|Any CPU.Build.0 = Debug|Any CPU
		{DA09EBCC-F596-4CE2-825D-884BD7D758A6}.Release|Any CPU.ActiveCfg = Release|Any CPU
		{DA09EBCC-F596-4CE2-825D-884BD7D758A6}.Release|Any CPU.Build.0 = Release|Any CPU
		{2F1C7F49-3C2B-4BFE-9A73-BFB0E5315639}.Debug|Any CPU.ActiveCfg = Debug|Any CPU
		{2F1C7F49-3C2B-4BFE-9A73-BFB0E5315639}.Debug|Any CPU.Build.0 = Debug|Any CPU
		{2F1C7F49-3C2B-4BFE-9A73-BFB0E5315639}.Release|Any CPU.ActiveCfg = Release|Any CPU
		{2F1C7F49-3C2B-4BFE-9A73-BFB0E5315639}.Release|Any CPU.Build.0 = Release|Any CPU
		{42FB4B69-A6EE-44A2-82AE-BD20AFC63D22}.Debug|Any CPU.ActiveCfg = Debug|Any CPU
		{42FB4B69-A6EE-44A2-82AE-BD20AFC63D22}.Debug|Any CPU.Build.0 = Debug|Any CPU
		{42FB4B69-A6EE-44A2-82AE-BD20AFC63D22}.Release|Any CPU.ActiveCfg = Release|Any CPU
		{42FB4B69-A6EE-44A2-82AE-BD20AFC63D22}.Release|Any CPU.Build.0 = Release|Any CPU
		{17DD8D9A-32CF-4865-952A-A58FD6DCD565}.Debug|Any CPU.ActiveCfg = Debug|Any CPU
		{17DD8D9A-32CF-4865-952A-A58FD6DCD565}.Debug|Any CPU.Build.0 = Debug|Any CPU
		{17DD8D9A-32CF-4865-952A-A58FD6DCD565}.Release|Any CPU.ActiveCfg = Release|Any CPU
		{17DD8D9A-32CF-4865-952A-A58FD6DCD565}.Release|Any CPU.Build.0 = Release|Any CPU
		{15005FB9-1C71-4629-8F5F-4DF09A43305D}.Debug|Any CPU.ActiveCfg = Debug|Any CPU
		{15005FB9-1C71-4629-8F5F-4DF09A43305D}.Debug|Any CPU.Build.0 = Debug|Any CPU
		{15005FB9-1C71-4629-8F5F-4DF09A43305D}.Release|Any CPU.ActiveCfg = Release|Any CPU
		{15005FB9-1C71-4629-8F5F-4DF09A43305D}.Release|Any CPU.Build.0 = Release|Any CPU
		{F910C26F-77BC-48C5-922C-345ADF39B522}.Debug|Any CPU.ActiveCfg = Debug|Any CPU
		{F910C26F-77BC-48C5-922C-345ADF39B522}.Debug|Any CPU.Build.0 = Debug|Any CPU
		{F910C26F-77BC-48C5-922C-345ADF39B522}.Release|Any CPU.ActiveCfg = Release|Any CPU
		{F910C26F-77BC-48C5-922C-345ADF39B522}.Release|Any CPU.Build.0 = Release|Any CPU
		{67F20C82-805F-4CA1-B33B-9B44FE35882E}.Debug|Any CPU.ActiveCfg = Debug|Any CPU
		{67F20C82-805F-4CA1-B33B-9B44FE35882E}.Debug|Any CPU.Build.0 = Debug|Any CPU
		{67F20C82-805F-4CA1-B33B-9B44FE35882E}.Release|Any CPU.ActiveCfg = Release|Any CPU
		{67F20C82-805F-4CA1-B33B-9B44FE35882E}.Release|Any CPU.Build.0 = Release|Any CPU
		{7A04AEB4-C106-4A95-9678-3B1D21A8DA80}.Debug|Any CPU.ActiveCfg = Debug|Any CPU
		{7A04AEB4-C106-4A95-9678-3B1D21A8DA80}.Debug|Any CPU.Build.0 = Debug|Any CPU
		{7A04AEB4-C106-4A95-9678-3B1D21A8DA80}.Release|Any CPU.ActiveCfg = Release|Any CPU
		{7A04AEB4-C106-4A95-9678-3B1D21A8DA80}.Release|Any CPU.Build.0 = Release|Any CPU
		{879B2DBA-0018-4DEA-B928-A665B5508DFD}.Debug|Any CPU.ActiveCfg = Debug|Any CPU
		{879B2DBA-0018-4DEA-B928-A665B5508DFD}.Debug|Any CPU.Build.0 = Debug|Any CPU
		{879B2DBA-0018-4DEA-B928-A665B5508DFD}.Release|Any CPU.ActiveCfg = Release|Any CPU
		{879B2DBA-0018-4DEA-B928-A665B5508DFD}.Release|Any CPU.Build.0 = Release|Any CPU
	EndGlobalSection
	GlobalSection(NestedProjects) = preSolution
		{C14C58DA-0932-4EB1-AB21-020FDE46010F} = {5DC6D12C-447F-414E-8528-3200FEF431E4}
		{A73A90F6-6CBA-490E-A7FD-058A0C1FB14F} = {5DC6D12C-447F-414E-8528-3200FEF431E4}
		{E8FE8468-6696-4B2D-8F30-3D6B36F71578} = {5DC6D12C-447F-414E-8528-3200FEF431E4}
		{6FCD04E0-C170-401F-9753-FC58880D04F7} = {5DC6D12C-447F-414E-8528-3200FEF431E4}
		{96509B1E-C131-4692-9F3B-90E6D97C93FD} = {90C08A15-084B-49A1-BF6E-E40B488570C0}
		{3351D79B-7CE8-4130-AA59-7AF6F22715B7} = {90C08A15-084B-49A1-BF6E-E40B488570C0}
		{43CB175C-64D9-4B79-B7ED-0A3F25BC06A9} = {90C08A15-084B-49A1-BF6E-E40B488570C0}
		{DA09EBCC-F596-4CE2-825D-884BD7D758A6} = {90C08A15-084B-49A1-BF6E-E40B488570C0}
		{2F1C7F49-3C2B-4BFE-9A73-BFB0E5315639} = {E3ECF719-7EAE-48A2-A1D4-4DA6ECE3742A}
		{42FB4B69-A6EE-44A2-82AE-BD20AFC63D22} = {E3ECF719-7EAE-48A2-A1D4-4DA6ECE3742A}
		{17DD8D9A-32CF-4865-952A-A58FD6DCD565} = {E3ECF719-7EAE-48A2-A1D4-4DA6ECE3742A}
		{15005FB9-1C71-4629-8F5F-4DF09A43305D} = {E3ECF719-7EAE-48A2-A1D4-4DA6ECE3742A}
		{F910C26F-77BC-48C5-922C-345ADF39B522} = {9F17564B-0BF4-4535-BFCC-4160BAC95B00}
		{67F20C82-805F-4CA1-B33B-9B44FE35882E} = {9F17564B-0BF4-4535-BFCC-4160BAC95B00}
		{7A04AEB4-C106-4A95-9678-3B1D21A8DA80} = {9F17564B-0BF4-4535-BFCC-4160BAC95B00}
		{879B2DBA-0018-4DEA-B928-A665B5508DFD} = {9F17564B-0BF4-4535-BFCC-4160BAC95B00}
	EndGlobalSection
EndGlobal
