
Microsoft Visual Studio Solution File, Format Version 12.00
Project("{2150E333-8FDC-42A3-9474-1A3956D46DE8}") = "SimpleStore-AdminService", "SimpleStore-AdminService", "{5DC6D12C-447F-414E-8528-3200FEF431E4}"
EndProject
Project("{2150E333-8FDC-42A3-9474-1A3956D46DE8}") = "SimpleStore-UserService", "SimpleStore-UserService", "{9F17564B-0BF4-4535-BFCC-4160BAC95B00}"
EndProject
Project("{2150E333-8FDC-42A3-9474-1A3956D46DE8}") = "SimpleStore-OrderService", "SimpleStore-OrderService", "{90C08A15-084B-49A1-BF6E-E40B488570C0}"
EndProject
Project("{2150E333-8FDC-42A3-9474-1A3956D46DE8}") = "SimpleStore-ProductService", "SimpleStore-ProductService", "{E3ECF719-7EAE-48A2-A1D4-4DA6ECE3742A}"
EndProject
Project("{FAE04EC0-301F-11D3-BF4B-00C04F79EFBC}") = "UserService.Api", "UserService.Api\UserService.Api.csproj", "{752B85D5-64DD-4538-83FA-C6A09A2A7ED0}"
EndProject
Project("{FAE04EC0-301F-11D3-BF4B-00C04F79EFBC}") = "UserService.Application", "UserService.Application\UserService.Application.csproj", "{2C464B2E-E6D2-4B03-83F9-BD46FA2AF5E3}"
EndProject
Project("{FAE04EC0-301F-11D3-BF4B-00C04F79EFBC}") = "UserService.Domain", "UserService.Domain\UserService.Domain.csproj", "{140F594C-084C-4011-82E6-CFAAEF3506A4}"
EndProject
Project("{FAE04EC0-301F-11D3-BF4B-00C04F79EFBC}") = "UserService.Infrastructure", "UserService.Infrastructure\UserService.Infrastructure.csproj", "{EAF0D3AE-209E-4DDB-9C4F-557BB0A1A697}"
EndProject
Project("{FAE04EC0-301F-11D3-BF4B-00C04F79EFBC}") = "ProductService.Api", "ProductService.Api\ProductService.Api.csproj", "{DCE564DB-4D8C-40D7-8223-E397C43F0ACD}"
EndProject
Project("{FAE04EC0-301F-11D3-BF4B-00C04F79EFBC}") = "ProductService.Application", "ProductService.Application\ProductService.Application.csproj", "{1D17380E-854D-4537-B9C0-667DD4A1784A}"
EndProject
Project("{FAE04EC0-301F-11D3-BF4B-00C04F79EFBC}") = "ProductService.Domain", "ProductService.Domain\ProductService.Domain.csproj", "{8C526EE9-A3A1-4A4F-9601-E7FDEB401205}"
EndProject
Project("{FAE04EC0-301F-11D3-BF4B-00C04F79EFBC}") = "ProductService.Infrastructure", "ProductService.Infrastructure\ProductService.Infrastructure.csproj", "{BB2A894D-2E71-46A1-BA2F-56CFC6DB42BA}"
EndProject
Project("{FAE04EC0-301F-11D3-BF4B-00C04F79EFBC}") = "OrderService.Api", "OrderService.Api\OrderService.Api.csproj", "{052B6699-7324-4615-A2A4-AED61DF6FAF6}"
EndProject
Project("{FAE04EC0-301F-11D3-BF4B-00C04F79EFBC}") = "OrderService.Application", "OrderService.Application\OrderService.Application.csproj", "{2C79C63C-EA0A-4789-8E3F-88837EF4E75E}"
EndProject
Project("{FAE04EC0-301F-11D3-BF4B-00C04F79EFBC}") = "OrderService.Domain", "OrderService.Domain\OrderService.Domain.csproj", "{BB6E233C-7E04-4745-92A8-01D5ABBA7350}"
EndProject
Project("{FAE04EC0-301F-11D3-BF4B-00C04F79EFBC}") = "OrderService.Infrastructure", "OrderService.Infrastructure\OrderService.Infrastructure.csproj", "{D958C4AD-D354-4921-895D-52FAECB26F38}"
EndProject
Project("{FAE04EC0-301F-11D3-BF4B-00C04F79EFBC}") = "AdminService.Api", "AdminService.Api\AdminService.Api.csproj", "{4E5CB89E-1278-483D-AD19-3553A52A0202}"
EndProject
Project("{FAE04EC0-301F-11D3-BF4B-00C04F79EFBC}") = "AdminService.Application", "AdminService.Application\AdminService.Application.csproj", "{C905C2DC-9700-4018-B57C-372AE50CF9A4}"
EndProject
Project("{FAE04EC0-301F-11D3-BF4B-00C04F79EFBC}") = "AdminService.Domain", "AdminService.Domain\AdminService.Domain.csproj", "{EAFFEB16-2592-4EAE-9A0F-9A14CFFBE452}"
EndProject
Project("{FAE04EC0-301F-11D3-BF4B-00C04F79EFBC}") = "AdminService.Infrastructure", "AdminService.Infrastructure\AdminService.Infrastructure.csproj", "{A7F79594-5B27-49AD-814B-A7ECF2A1DCF0}"
EndProject
Global
	GlobalSection(SolutionConfigurationPlatforms) = preSolution
		Debug|Any CPU = Debug|Any CPU
		Release|Any CPU = Release|Any CPU
	EndGlobalSection
	GlobalSection(ProjectConfigurationPlatforms) = postSolution
		{752B85D5-64DD-4538-83FA-C6A09A2A7ED0}.Debug|Any CPU.ActiveCfg = Debug|Any CPU
		{752B85D5-64DD-4538-83FA-C6A09A2A7ED0}.Debug|Any CPU.Build.0 = Debug|Any CPU
		{752B85D5-64DD-4538-83FA-C6A09A2A7ED0}.Release|Any CPU.ActiveCfg = Release|Any CPU
		{752B85D5-64DD-4538-83FA-C6A09A2A7ED0}.Release|Any CPU.Build.0 = Release|Any CPU
		{2C464B2E-E6D2-4B03-83F9-BD46FA2AF5E3}.Debug|Any CPU.ActiveCfg = Debug|Any CPU
		{2C464B2E-E6D2-4B03-83F9-BD46FA2AF5E3}.Debug|Any CPU.Build.0 = Debug|Any CPU
		{2C464B2E-E6D2-4B03-83F9-BD46FA2AF5E3}.Release|Any CPU.ActiveCfg = Release|Any CPU
		{2C464B2E-E6D2-4B03-83F9-BD46FA2AF5E3}.Release|Any CPU.Build.0 = Release|Any CPU
		{140F594C-084C-4011-82E6-CFAAEF3506A4}.Debug|Any CPU.ActiveCfg = Debug|Any CPU
		{140F594C-084C-4011-82E6-CFAAEF3506A4}.Debug|Any CPU.Build.0 = Debug|Any CPU
		{140F594C-084C-4011-82E6-CFAAEF3506A4}.Release|Any CPU.ActiveCfg = Release|Any CPU
		{140F594C-084C-4011-82E6-CFAAEF3506A4}.Release|Any CPU.Build.0 = Release|Any CPU
		{EAF0D3AE-209E-4DDB-9C4F-557BB0A1A697}.Debug|Any CPU.ActiveCfg = Debug|Any CPU
		{EAF0D3AE-209E-4DDB-9C4F-557BB0A1A697}.Debug|Any CPU.Build.0 = Debug|Any CPU
		{EAF0D3AE-209E-4DDB-9C4F-557BB0A1A697}.Release|Any CPU.ActiveCfg = Release|Any CPU
		{EAF0D3AE-209E-4DDB-9C4F-557BB0A1A697}.Release|Any CPU.Build.0 = Release|Any CPU
		{DCE564DB-4D8C-40D7-8223-E397C43F0ACD}.Debug|Any CPU.ActiveCfg = Debug|Any CPU
		{DCE564DB-4D8C-40D7-8223-E397C43F0ACD}.Debug|Any CPU.Build.0 = Debug|Any CPU
		{DCE564DB-4D8C-40D7-8223-E397C43F0ACD}.Release|Any CPU.ActiveCfg = Release|Any CPU
		{DCE564DB-4D8C-40D7-8223-E397C43F0ACD}.Release|Any CPU.Build.0 = Release|Any CPU
		{1D17380E-854D-4537-B9C0-667DD4A1784A}.Debug|Any CPU.ActiveCfg = Debug|Any CPU
		{1D17380E-854D-4537-B9C0-667DD4A1784A}.Debug|Any CPU.Build.0 = Debug|Any CPU
		{1D17380E-854D-4537-B9C0-667DD4A1784A}.Release|Any CPU.ActiveCfg = Release|Any CPU
		{1D17380E-854D-4537-B9C0-667DD4A1784A}.Release|Any CPU.Build.0 = Release|Any CPU
		{8C526EE9-A3A1-4A4F-9601-E7FDEB401205}.Debug|Any CPU.ActiveCfg = Debug|Any CPU
		{8C526EE9-A3A1-4A4F-9601-E7FDEB401205}.Debug|Any CPU.Build.0 = Debug|Any CPU
		{8C526EE9-A3A1-4A4F-9601-E7FDEB401205}.Release|Any CPU.ActiveCfg = Release|Any CPU
		{8C526EE9-A3A1-4A4F-9601-E7FDEB401205}.Release|Any CPU.Build.0 = Release|Any CPU
		{BB2A894D-2E71-46A1-BA2F-56CFC6DB42BA}.Debug|Any CPU.ActiveCfg = Debug|Any CPU
		{BB2A894D-2E71-46A1-BA2F-56CFC6DB42BA}.Debug|Any CPU.Build.0 = Debug|Any CPU
		{BB2A894D-2E71-46A1-BA2F-56CFC6DB42BA}.Release|Any CPU.ActiveCfg = Release|Any CPU
		{BB2A894D-2E71-46A1-BA2F-56CFC6DB42BA}.Release|Any CPU.Build.0 = Release|Any CPU
		{052B6699-7324-4615-A2A4-AED61DF6FAF6}.Debug|Any CPU.ActiveCfg = Debug|Any CPU
		{052B6699-7324-4615-A2A4-AED61DF6FAF6}.Debug|Any CPU.Build.0 = Debug|Any CPU
		{052B6699-7324-4615-A2A4-AED61DF6FAF6}.Release|Any CPU.ActiveCfg = Release|Any CPU
		{052B6699-7324-4615-A2A4-AED61DF6FAF6}.Release|Any CPU.Build.0 = Release|Any CPU
		{2C79C63C-EA0A-4789-8E3F-88837EF4E75E}.Debug|Any CPU.ActiveCfg = Debug|Any CPU
		{2C79C63C-EA0A-4789-8E3F-88837EF4E75E}.Debug|Any CPU.Build.0 = Debug|Any CPU
		{2C79C63C-EA0A-4789-8E3F-88837EF4E75E}.Release|Any CPU.ActiveCfg = Release|Any CPU
		{2C79C63C-EA0A-4789-8E3F-88837EF4E75E}.Release|Any CPU.Build.0 = Release|Any CPU
		{BB6E233C-7E04-4745-92A8-01D5ABBA7350}.Debug|Any CPU.ActiveCfg = Debug|Any CPU
		{BB6E233C-7E04-4745-92A8-01D5ABBA7350}.Debug|Any CPU.Build.0 = Debug|Any CPU
		{BB6E233C-7E04-4745-92A8-01D5ABBA7350}.Release|Any CPU.ActiveCfg = Release|Any CPU
		{BB6E233C-7E04-4745-92A8-01D5ABBA7350}.Release|Any CPU.Build.0 = Release|Any CPU
		{D958C4AD-D354-4921-895D-52FAECB26F38}.Debug|Any CPU.ActiveCfg = Debug|Any CPU
		{D958C4AD-D354-4921-895D-52FAECB26F38}.Debug|Any CPU.Build.0 = Debug|Any CPU
		{D958C4AD-D354-4921-895D-52FAECB26F38}.Release|Any CPU.ActiveCfg = Release|Any CPU
		{D958C4AD-D354-4921-895D-52FAECB26F38}.Release|Any CPU.Build.0 = Release|Any CPU
		{4E5CB89E-1278-483D-AD19-3553A52A0202}.Debug|Any CPU.ActiveCfg = Debug|Any CPU
		{4E5CB89E-1278-483D-AD19-3553A52A0202}.Debug|Any CPU.Build.0 = Debug|Any CPU
		{4E5CB89E-1278-483D-AD19-3553A52A0202}.Release|Any CPU.ActiveCfg = Release|Any CPU
		{4E5CB89E-1278-483D-AD19-3553A52A0202}.Release|Any CPU.Build.0 = Release|Any CPU
		{C905C2DC-9700-4018-B57C-372AE50CF9A4}.Debug|Any CPU.ActiveCfg = Debug|Any CPU
		{C905C2DC-9700-4018-B57C-372AE50CF9A4}.Debug|Any CPU.Build.0 = Debug|Any CPU
		{C905C2DC-9700-4018-B57C-372AE50CF9A4}.Release|Any CPU.ActiveCfg = Release|Any CPU
		{C905C2DC-9700-4018-B57C-372AE50CF9A4}.Release|Any CPU.Build.0 = Release|Any CPU
		{EAFFEB16-2592-4EAE-9A0F-9A14CFFBE452}.Debug|Any CPU.ActiveCfg = Debug|Any CPU
		{EAFFEB16-2592-4EAE-9A0F-9A14CFFBE452}.Debug|Any CPU.Build.0 = Debug|Any CPU
		{EAFFEB16-2592-4EAE-9A0F-9A14CFFBE452}.Release|Any CPU.ActiveCfg = Release|Any CPU
		{EAFFEB16-2592-4EAE-9A0F-9A14CFFBE452}.Release|Any CPU.Build.0 = Release|Any CPU
		{A7F79594-5B27-49AD-814B-A7ECF2A1DCF0}.Debug|Any CPU.ActiveCfg = Debug|Any CPU
		{A7F79594-5B27-49AD-814B-A7ECF2A1DCF0}.Debug|Any CPU.Build.0 = Debug|Any CPU
		{A7F79594-5B27-49AD-814B-A7ECF2A1DCF0}.Release|Any CPU.ActiveCfg = Release|Any CPU
		{A7F79594-5B27-49AD-814B-A7ECF2A1DCF0}.Release|Any CPU.Build.0 = Release|Any CPU
	EndGlobalSection
	GlobalSection(NestedProjects) = preSolution
		{752B85D5-64DD-4538-83FA-C6A09A2A7ED0} = {9F17564B-0BF4-4535-BFCC-4160BAC95B00}
		{2C464B2E-E6D2-4B03-83F9-BD46FA2AF5E3} = {9F17564B-0BF4-4535-BFCC-4160BAC95B00}
		{140F594C-084C-4011-82E6-CFAAEF3506A4} = {9F17564B-0BF4-4535-BFCC-4160BAC95B00}
		{EAF0D3AE-209E-4DDB-9C4F-557BB0A1A697} = {9F17564B-0BF4-4535-BFCC-4160BAC95B00}
		{DCE564DB-4D8C-40D7-8223-E397C43F0ACD} = {E3ECF719-7EAE-48A2-A1D4-4DA6ECE3742A}
		{1D17380E-854D-4537-B9C0-667DD4A1784A} = {E3ECF719-7EAE-48A2-A1D4-4DA6ECE3742A}
		{8C526EE9-A3A1-4A4F-9601-E7FDEB401205} = {E3ECF719-7EAE-48A2-A1D4-4DA6ECE3742A}
		{BB2A894D-2E71-46A1-BA2F-56CFC6DB42BA} = {E3ECF719-7EAE-48A2-A1D4-4DA6ECE3742A}
		{052B6699-7324-4615-A2A4-AED61DF6FAF6} = {90C08A15-084B-49A1-BF6E-E40B488570C0}
		{2C79C63C-EA0A-4789-8E3F-88837EF4E75E} = {90C08A15-084B-49A1-BF6E-E40B488570C0}
		{BB6E233C-7E04-4745-92A8-01D5ABBA7350} = {90C08A15-084B-49A1-BF6E-E40B488570C0}
		{D958C4AD-D354-4921-895D-52FAECB26F38} = {90C08A15-084B-49A1-BF6E-E40B488570C0}
		{4E5CB89E-1278-483D-AD19-3553A52A0202} = {5DC6D12C-447F-414E-8528-3200FEF431E4}
		{C905C2DC-9700-4018-B57C-372AE50CF9A4} = {5DC6D12C-447F-414E-8528-3200FEF431E4}
		{EAFFEB16-2592-4EAE-9A0F-9A14CFFBE452} = {5DC6D12C-447F-414E-8528-3200FEF431E4}
		{A7F79594-5B27-49AD-814B-A7ECF2A1DCF0} = {5DC6D12C-447F-414E-8528-3200FEF431E4}
	EndGlobalSection
EndGlobal
